# THIS IS AN AUTOGENERATED FILE. DO NOT EDIT THIS FILE DIRECTLY.
# yarn lockfile v1


"@rails/ujs@^7.0.7":
  version "7.0.7"
  resolved "https://registry.yarnpkg.com/@rails/ujs/-/ujs-7.0.7.tgz#54af8d66160a8a7bf7d8f184703d2bf4b3fab914"
  integrity sha512-J2v5Ca7HgejO7diGKiDylaVDQKmbQ5FJih6Oo3hXuBKEuXlcaccJu64lj8MNVLaPVyZx0g4gaOQZQz95QEb/hg==
